
Microsoft Visual Studio Solution File, Format Version 12.00
# Visual Studio Version 17
VisualStudioVersion = 17.5.33414.496
MinimumVisualStudioVersion = 10.0.40219.1
Project("{9A19103F-16F7-4668-BE54-9A1E7A4F7556}") = "PanteonGame", "PanteonGame\PanteonGame.csproj", "{B2F6835E-8B1C-440A-B4F7-C256A38B22CB}"
EndProject
Project("{9A19103F-16F7-4668-BE54-9A1E7A4F7556}") = "Entities", "Entities\Entities.csproj", "{C2AE9187-0577-4EFF-A5BD-9E7146A41D2B}"
EndProject
Project("{9A19103F-16F7-4668-BE54-9A1E7A4F7556}") = "BusinessLayer", "Bll\BusinessLayer.csproj", "{5674111F-BFD8-4C20-9E15-5F47B038C018}"
EndProject
Project("{9A19103F-16F7-4668-BE54-9A1E7A4F7556}") = "DataAccessLayer", "DataAccessLayer\DataAccessLayer.csproj", "{2145453B-BAE3-436E-9507-B309138EF0EA}"
EndProject
Project("{2150E333-8FDC-42A3-9474-1A3956D46DE8}") = "DataAccess", "DataAccess", "{9EA0BE9D-1642-49CC-A20D-536BC4819E3D}"
EndProject
Project("{9A19103F-16F7-4668-BE54-9A1E7A4F7556}") = "DTO", "DTO\DTO.csproj", "{7D82206A-A0FC-441D-B313-8AF08FDC75D4}"
EndProject
Global
	GlobalSection(SolutionConfigurationPlatforms) = preSolution
		Debug|Any CPU = Debug|Any CPU
		Release|Any CPU = Release|Any CPU
	EndGlobalSection
	GlobalSection(ProjectConfigurationPlatforms) = postSolution
		{B2F6835E-8B1C-440A-B4F7-C256A38B22CB}.Debug|Any CPU.ActiveCfg = Debug|Any CPU
		{B2F6835E-8B1C-440A-B4F7-C256A38B22CB}.Debug|Any CPU.Build.0 = Debug|Any CPU
		{B2F6835E-8B1C-440A-B4F7-C256A38B22CB}.Release|Any CPU.ActiveCfg = Release|Any CPU
		{B2F6835E-8B1C-440A-B4F7-C256A38B22CB}.Release|Any CPU.Build.0 = Release|Any CPU
		{C2AE9187-0577-4EFF-A5BD-9E7146A41D2B}.Debug|Any CPU.ActiveCfg = Debug|Any CPU
		{C2AE9187-0577-4EFF-A5BD-9E7146A41D2B}.Debug|Any CPU.Build.0 = Debug|Any CPU
		{C2AE9187-0577-4EFF-A5BD-9E7146A41D2B}.Release|Any CPU.ActiveCfg = Release|Any CPU
		{C2AE9187-0577-4EFF-A5BD-9E7146A41D2B}.Release|Any CPU.Build.0 = Release|Any CPU
		{5674111F-BFD8-4C20-9E15-5F47B038C018}.Debug|Any CPU.ActiveCfg = Debug|Any CPU
		{5674111F-BFD8-4C20-9E15-5F47B038C018}.Debug|Any CPU.Build.0 = Debug|Any CPU
		{5674111F-BFD8-4C20-9E15-5F47B038C018}.Release|Any CPU.ActiveCfg = Release|Any CPU
		{5674111F-BFD8-4C20-9E15-5F47B038C018}.Release|Any CPU.Build.0 = Release|Any CPU
		{2145453B-BAE3-436E-9507-B309138EF0EA}.Debug|Any CPU.ActiveCfg = Debug|Any CPU
		{2145453B-BAE3-436E-9507-B309138EF0EA}.Debug|Any CPU.Build.0 = Debug|Any CPU
		{2145453B-BAE3-436E-9507-B309138EF0EA}.Release|Any CPU.ActiveCfg = Release|Any CPU
		{2145453B-BAE3-436E-9507-B309138EF0EA}.Release|Any CPU.Build.0 = Release|Any CPU
		{7D82206A-A0FC-441D-B313-8AF08FDC75D4}.Debug|Any CPU.ActiveCfg = Debug|Any CPU
		{7D82206A-A0FC-441D-B313-8AF08FDC75D4}.Debug|Any CPU.Build.0 = Debug|Any CPU
		{7D82206A-A0FC-441D-B313-8AF08FDC75D4}.Release|Any CPU.ActiveCfg = Release|Any CPU
		{7D82206A-A0FC-441D-B313-8AF08FDC75D4}.Release|Any CPU.Build.0 = Release|Any CPU
	EndGlobalSection
	GlobalSection(SolutionProperties) = preSolution
		HideSolutionNode = FALSE
	EndGlobalSection
	GlobalSection(NestedProjects) = preSolution
		{C2AE9187-0577-4EFF-A5BD-9E7146A41D2B} = {9EA0BE9D-1642-49CC-A20D-536BC4819E3D}
		{2145453B-BAE3-436E-9507-B309138EF0EA} = {9EA0BE9D-1642-49CC-A20D-536BC4819E3D}
		{7D82206A-A0FC-441D-B313-8AF08FDC75D4} = {9EA0BE9D-1642-49CC-A20D-536BC4819E3D}
	EndGlobalSection
	GlobalSection(ExtensibilityGlobals) = postSolution
		SolutionGuid = {91B0DFF9-B0F6-4DB4-A3C3-7D1828FC6942}
	EndGlobalSection
EndGlobal
